// !$*UTF8*$!
{
	archiveVersion = 1;
	classes = {
	};
	objectVersion = 46;
	objects = {

/* Begin PBXBuildFile section */
		27F13AAF5BC7426380BA1F41 /* libPods.a in Frameworks */ = {isa = PBXBuildFile; fileRef = 27C078DAE0314A5E84B7FB0F /* libPods.a */; };
		30072C0819439F4B009088B5 /* music.m4a in Resources */ = {isa = PBXBuildFile; fileRef = 30072C0719439F4B009088B5 /* music.m4a */; };
		30072C0C1943AB1E009088B5 /* WILRecordViewController.m in Sources */ = {isa = PBXBuildFile; fileRef = 30072C0B1943AB1E009088B5 /* WILRecordViewController.m */; };
		30072C101943AC3A009088B5 /* Organ Run.m4a in Resources */ = {isa = PBXBuildFile; fileRef = 30072C0D1943AC3A009088B5 /* Organ Run.m4a */; };
		30072C111943AC3A009088B5 /* Southern Rock Drums.m4a in Resources */ = {isa = PBXBuildFile; fileRef = 30072C0E1943AC3A009088B5 /* Southern Rock Drums.m4a */; };
		30072C121943AC3A009088B5 /* Southern Rock Organ.m4a in Resources */ = {isa = PBXBuildFile; fileRef = 30072C0F1943AC3A009088B5 /* Southern Rock Organ.m4a */; };
		30072C151943AD3D009088B5 /* TPOscilloscopeLayer.m in Sources */ = {isa = PBXBuildFile; fileRef = 30072C141943AD3D009088B5 /* TPOscilloscopeLayer.m */; settings = {COMPILER_FLAGS = "-fno-objc-arc"; }; };
		3071613B1943913D00EB8FFF /* Foundation.framework in Frameworks */ = {isa = PBXBuildFile; fileRef = 3071613A1943913D00EB8FFF /* Foundation.framework */; };
		3071613D1943913D00EB8FFF /* CoreGraphics.framework in Frameworks */ = {isa = PBXBuildFile; fileRef = 3071613C1943913D00EB8FFF /* CoreGraphics.framework */; };
		3071613F1943913D00EB8FFF /* UIKit.framework in Frameworks */ = {isa = PBXBuildFile; fileRef = 3071613E1943913D00EB8FFF /* UIKit.framework */; };
		307161451943913D00EB8FFF /* InfoPlist.strings in Resources */ = {isa = PBXBuildFile; fileRef = 307161431943913D00EB8FFF /* InfoPlist.strings */; };
		307161471943913D00EB8FFF /* main.m in Sources */ = {isa = PBXBuildFile; fileRef = 307161461943913D00EB8FFF /* main.m */; };
		3071614B1943913D00EB8FFF /* WILAppDelegate.m in Sources */ = {isa = PBXBuildFile; fileRef = 3071614A1943913D00EB8FFF /* WILAppDelegate.m */; };
		3071614D1943913D00EB8FFF /* Images.xcassets in Resources */ = {isa = PBXBuildFile; fileRef = 3071614C1943913D00EB8FFF /* Images.xcassets */; };
		307161541943913D00EB8FFF /* XCTest.framework in Frameworks */ = {isa = PBXBuildFile; fileRef = 307161531943913D00EB8FFF /* XCTest.framework */; };
		307161551943913E00EB8FFF /* Foundation.framework in Frameworks */ = {isa = PBXBuildFile; fileRef = 3071613A1943913D00EB8FFF /* Foundation.framework */; };
		307161561943913E00EB8FFF /* UIKit.framework in Frameworks */ = {isa = PBXBuildFile; fileRef = 3071613E1943913D00EB8FFF /* UIKit.framework */; };
		3071615E1943913E00EB8FFF /* InfoPlist.strings in Resources */ = {isa = PBXBuildFile; fileRef = 3071615C1943913E00EB8FFF /* InfoPlist.strings */; };
		307161601943913E00EB8FFF /* WilsonTests.m in Sources */ = {isa = PBXBuildFile; fileRef = 3071615F1943913E00EB8FFF /* WilsonTests.m */; };
		30784D4D1943B03400244AA9 /* WILPadView.m in Sources */ = {isa = PBXBuildFile; fileRef = 30784D4C1943B03400244AA9 /* WILPadView.m */; };
		30784D4E1943B47400244AA9 /* WILAudioFilterPickerController.m in Sources */ = {isa = PBXBuildFile; fileRef = 4F0310F11943B19E00807CFC /* WILAudioFilterPickerController.m */; };
		30784D511943BB9500244AA9 /* drum.wav in Resources */ = {isa = PBXBuildFile; fileRef = 30784D501943BB9500244AA9 /* drum.wav */; };
		30784D531943BC0E00244AA9 /* snapper.wav in Resources */ = {isa = PBXBuildFile; fileRef = 30784D521943BC0E00244AA9 /* snapper.wav */; };
		30784D561943CA5600244AA9 /* WILPlayViewController.m in Sources */ = {isa = PBXBuildFile; fileRef = 30784D551943CA5600244AA9 /* WILPlayViewController.m */; };
		4F3CC5AA1943DB160046FBBA /* WILAudioFilterPickerCell.m in Sources */ = {isa = PBXBuildFile; fileRef = 4F3CC5A91943DB160046FBBA /* WILAudioFilterPickerCell.m */; };
		CDA25A231943988F00E68E14 /* WILRecordingManager.m in Sources */ = {isa = PBXBuildFile; fileRef = CDA25A221943988F00E68E14 /* WILRecordingManager.m */; };
		CDA9CFE71943B170004C0340 /* WILFeedViewController.m in Sources */ = {isa = PBXBuildFile; fileRef = CDA9CFE51943B170004C0340 /* WILFeedViewController.m */; };
		CDA9CFED1943B27E004C0340 /* WILCell.m in Sources */ = {isa = PBXBuildFile; fileRef = CDA9CFEC1943B27E004C0340 /* WILCell.m */; };
		CDA9CFEF1943B2A7004C0340 /* WILCell.xib in Resources */ = {isa = PBXBuildFile; fileRef = CDA9CFEE1943B2A7004C0340 /* WILCell.xib */; };
		CDA9CFF31943B2D1004C0340 /* WILFeedHeader.m in Sources */ = {isa = PBXBuildFile; fileRef = CDA9CFF11943B2D1004C0340 /* WILFeedHeader.m */; };
		CDA9CFF41943B2D1004C0340 /* WILFeedHeader.xib in Resources */ = {isa = PBXBuildFile; fileRef = CDA9CFF21943B2D1004C0340 /* WILFeedHeader.xib */; };
/* End PBXBuildFile section */

/* Begin PBXContainerItemProxy section */
		307161571943913E00EB8FFF /* PBXContainerItemProxy */ = {
			isa = PBXContainerItemProxy;
			containerPortal = 3071612F1943913D00EB8FFF /* Project object */;
			proxyType = 1;
			remoteGlobalIDString = 307161361943913D00EB8FFF;
			remoteInfo = Wilson;
		};
/* End PBXContainerItemProxy section */

/* Begin PBXFileReference section */
		27C078DAE0314A5E84B7FB0F /* libPods.a */ = {isa = PBXFileReference; explicitFileType = archive.ar; includeInIndex = 0; path = libPods.a; sourceTree = BUILT_PRODUCTS_DIR; };
		30072C0719439F4B009088B5 /* music.m4a */ = {isa = PBXFileReference; lastKnownFileType = file; path = music.m4a; sourceTree = "<group>"; };
		30072C0A1943AB1E009088B5 /* WILRecordViewController.h */ = {isa = PBXFileReference; fileEncoding = 4; lastKnownFileType = sourcecode.c.h; path = WILRecordViewController.h; sourceTree = "<group>"; };
		30072C0B1943AB1E009088B5 /* WILRecordViewController.m */ = {isa = PBXFileReference; fileEncoding = 4; lastKnownFileType = sourcecode.c.objc; path = WILRecordViewController.m; sourceTree = "<group>"; };
		30072C0D1943AC3A009088B5 /* Organ Run.m4a */ = {isa = PBXFileReference; lastKnownFileType = file; path = "Organ Run.m4a"; sourceTree = "<group>"; };
		30072C0E1943AC3A009088B5 /* Southern Rock Drums.m4a */ = {isa = PBXFileReference; lastKnownFileType = file; path = "Southern Rock Drums.m4a"; sourceTree = "<group>"; };
		30072C0F1943AC3A009088B5 /* Southern Rock Organ.m4a */ = {isa = PBXFileReference; lastKnownFileType = file; path = "Southern Rock Organ.m4a"; sourceTree = "<group>"; };
		30072C131943AD3D009088B5 /* TPOscilloscopeLayer.h */ = {isa = PBXFileReference; fileEncoding = 4; lastKnownFileType = sourcecode.c.h; path = TPOscilloscopeLayer.h; sourceTree = "<group>"; };
		30072C141943AD3D009088B5 /* TPOscilloscopeLayer.m */ = {isa = PBXFileReference; fileEncoding = 4; lastKnownFileType = sourcecode.c.objc; path = TPOscilloscopeLayer.m; sourceTree = "<group>"; };
		307161371943913D00EB8FFF /* Wilson.app */ = {isa = PBXFileReference; explicitFileType = wrapper.application; includeInIndex = 0; path = Wilson.app; sourceTree = BUILT_PRODUCTS_DIR; };
		3071613A1943913D00EB8FFF /* Foundation.framework */ = {isa = PBXFileReference; lastKnownFileType = wrapper.framework; name = Foundation.framework; path = System/Library/Frameworks/Foundation.framework; sourceTree = SDKROOT; };
		3071613C1943913D00EB8FFF /* CoreGraphics.framework */ = {isa = PBXFileReference; lastKnownFileType = wrapper.framework; name = CoreGraphics.framework; path = System/Library/Frameworks/CoreGraphics.framework; sourceTree = SDKROOT; };
		3071613E1943913D00EB8FFF /* UIKit.framework */ = {isa = PBXFileReference; lastKnownFileType = wrapper.framework; name = UIKit.framework; path = System/Library/Frameworks/UIKit.framework; sourceTree = SDKROOT; };
		307161421943913D00EB8FFF /* Wilson-Info.plist */ = {isa = PBXFileReference; lastKnownFileType = text.plist.xml; path = "Wilson-Info.plist"; sourceTree = "<group>"; };
		307161441943913D00EB8FFF /* en */ = {isa = PBXFileReference; lastKnownFileType = text.plist.strings; name = en; path = en.lproj/InfoPlist.strings; sourceTree = "<group>"; };
		307161461943913D00EB8FFF /* main.m */ = {isa = PBXFileReference; lastKnownFileType = sourcecode.c.objc; path = main.m; sourceTree = "<group>"; };
		307161481943913D00EB8FFF /* Wilson-Prefix.pch */ = {isa = PBXFileReference; lastKnownFileType = sourcecode.c.h; path = "Wilson-Prefix.pch"; sourceTree = "<group>"; };
		307161491943913D00EB8FFF /* WILAppDelegate.h */ = {isa = PBXFileReference; lastKnownFileType = sourcecode.c.h; path = WILAppDelegate.h; sourceTree = "<group>"; };
		3071614A1943913D00EB8FFF /* WILAppDelegate.m */ = {isa = PBXFileReference; lastKnownFileType = sourcecode.c.objc; path = WILAppDelegate.m; sourceTree = "<group>"; };
		3071614C1943913D00EB8FFF /* Images.xcassets */ = {isa = PBXFileReference; lastKnownFileType = folder.assetcatalog; name = Images.xcassets; path = Wilson/Images.xcassets; sourceTree = "<group>"; };
		307161521943913D00EB8FFF /* WilsonTests.xctest */ = {isa = PBXFileReference; explicitFileType = wrapper.cfbundle; includeInIndex = 0; path = WilsonTests.xctest; sourceTree = BUILT_PRODUCTS_DIR; };
		307161531943913D00EB8FFF /* XCTest.framework */ = {isa = PBXFileReference; lastKnownFileType = wrapper.framework; name = XCTest.framework; path = Library/Frameworks/XCTest.framework; sourceTree = DEVELOPER_DIR; };
		3071615B1943913E00EB8FFF /* WilsonTests-Info.plist */ = {isa = PBXFileReference; lastKnownFileType = text.plist.xml; path = "WilsonTests-Info.plist"; sourceTree = "<group>"; };
		3071615D1943913E00EB8FFF /* en */ = {isa = PBXFileReference; lastKnownFileType = text.plist.strings; name = en; path = en.lproj/InfoPlist.strings; sourceTree = "<group>"; };
		3071615F1943913E00EB8FFF /* WilsonTests.m */ = {isa = PBXFileReference; lastKnownFileType = sourcecode.c.objc; path = WilsonTests.m; sourceTree = "<group>"; };
		30784D4B1943B03400244AA9 /* WILPadView.h */ = {isa = PBXFileReference; fileEncoding = 4; lastKnownFileType = sourcecode.c.h; path = WILPadView.h; sourceTree = "<group>"; };
		30784D4C1943B03400244AA9 /* WILPadView.m */ = {isa = PBXFileReference; fileEncoding = 4; lastKnownFileType = sourcecode.c.objc; path = WILPadView.m; sourceTree = "<group>"; };
		30784D501943BB9500244AA9 /* drum.wav */ = {isa = PBXFileReference; lastKnownFileType = audio.wav; path = drum.wav; sourceTree = "<group>"; };
		30784D521943BC0E00244AA9 /* snapper.wav */ = {isa = PBXFileReference; lastKnownFileType = audio.wav; path = snapper.wav; sourceTree = "<group>"; };
		30784D541943CA5600244AA9 /* WILPlayViewController.h */ = {isa = PBXFileReference; fileEncoding = 4; lastKnownFileType = sourcecode.c.h; path = WILPlayViewController.h; sourceTree = "<group>"; };
		30784D551943CA5600244AA9 /* WILPlayViewController.m */ = {isa = PBXFileReference; fileEncoding = 4; lastKnownFileType = sourcecode.c.objc; path = WILPlayViewController.m; sourceTree = "<group>"; };
		49B8B98CB1BD495F932760C4 /* Pods.xcconfig */ = {isa = PBXFileReference; includeInIndex = 1; lastKnownFileType = text.xcconfig; name = Pods.xcconfig; path = Pods/Pods.xcconfig; sourceTree = "<group>"; };
		4F0310F01943B19E00807CFC /* WILAudioFilterPickerController.h */ = {isa = PBXFileReference; fileEncoding = 4; lastKnownFileType = sourcecode.c.h; path = WILAudioFilterPickerController.h; sourceTree = "<group>"; };
		4F0310F11943B19E00807CFC /* WILAudioFilterPickerController.m */ = {isa = PBXFileReference; fileEncoding = 4; lastKnownFileType = sourcecode.c.objc; path = WILAudioFilterPickerController.m; sourceTree = "<group>"; };
		4F3CC5A81943DB160046FBBA /* WILAudioFilterPickerCell.h */ = {isa = PBXFileReference; fileEncoding = 4; lastKnownFileType = sourcecode.c.h; path = WILAudioFilterPickerCell.h; sourceTree = "<group>"; };
		4F3CC5A91943DB160046FBBA /* WILAudioFilterPickerCell.m */ = {isa = PBXFileReference; fileEncoding = 4; lastKnownFileType = sourcecode.c.objc; path = WILAudioFilterPickerCell.m; sourceTree = "<group>"; };
		CDA25A211943988F00E68E14 /* WILRecordingManager.h */ = {isa = PBXFileReference; fileEncoding = 4; lastKnownFileType = sourcecode.c.h; path = WILRecordingManager.h; sourceTree = "<group>"; };
		CDA25A221943988F00E68E14 /* WILRecordingManager.m */ = {isa = PBXFileReference; fileEncoding = 4; lastKnownFileType = sourcecode.c.objc; path = WILRecordingManager.m; sourceTree = "<group>"; };
		CDA9CFE41943B170004C0340 /* WILFeedViewController.h */ = {isa = PBXFileReference; fileEncoding = 4; lastKnownFileType = sourcecode.c.h; path = WILFeedViewController.h; sourceTree = "<group>"; };
		CDA9CFE51943B170004C0340 /* WILFeedViewController.m */ = {isa = PBXFileReference; fileEncoding = 4; lastKnownFileType = sourcecode.c.objc; path = WILFeedViewController.m; sourceTree = "<group>"; };
		CDA9CFEB1943B27E004C0340 /* WILCell.h */ = {isa = PBXFileReference; fileEncoding = 4; lastKnownFileType = sourcecode.c.h; path = WILCell.h; sourceTree = "<group>"; };
		CDA9CFEC1943B27E004C0340 /* WILCell.m */ = {isa = PBXFileReference; fileEncoding = 4; lastKnownFileType = sourcecode.c.objc; path = WILCell.m; sourceTree = "<group>"; };
		CDA9CFEE1943B2A7004C0340 /* WILCell.xib */ = {isa = PBXFileReference; fileEncoding = 4; lastKnownFileType = file.xib; path = WILCell.xib; sourceTree = "<group>"; };
		CDA9CFF01943B2D1004C0340 /* WILFeedHeader.h */ = {isa = PBXFileReference; fileEncoding = 4; lastKnownFileType = sourcecode.c.h; path = WILFeedHeader.h; sourceTree = "<group>"; };
		CDA9CFF11943B2D1004C0340 /* WILFeedHeader.m */ = {isa = PBXFileReference; fileEncoding = 4; lastKnownFileType = sourcecode.c.objc; path = WILFeedHeader.m; sourceTree = "<group>"; };
		CDA9CFF21943B2D1004C0340 /* WILFeedHeader.xib */ = {isa = PBXFileReference; fileEncoding = 4; lastKnownFileType = file.xib; path = WILFeedHeader.xib; sourceTree = "<group>"; };
/* End PBXFileReference section */

/* Begin PBXFrameworksBuildPhase section */
		307161341943913D00EB8FFF /* Frameworks */ = {
			isa = PBXFrameworksBuildPhase;
			buildActionMask = 2147483647;
			files = (
				3071613D1943913D00EB8FFF /* CoreGraphics.framework in Frameworks */,
				3071613F1943913D00EB8FFF /* UIKit.framework in Frameworks */,
				3071613B1943913D00EB8FFF /* Foundation.framework in Frameworks */,
				27F13AAF5BC7426380BA1F41 /* libPods.a in Frameworks */,
			);
			runOnlyForDeploymentPostprocessing = 0;
		};
		3071614F1943913D00EB8FFF /* Frameworks */ = {
			isa = PBXFrameworksBuildPhase;
			buildActionMask = 2147483647;
			files = (
				307161541943913D00EB8FFF /* XCTest.framework in Frameworks */,
				307161561943913E00EB8FFF /* UIKit.framework in Frameworks */,
				307161551943913E00EB8FFF /* Foundation.framework in Frameworks */,
			);
			runOnlyForDeploymentPostprocessing = 0;
		};
/* End PBXFrameworksBuildPhase section */

/* Begin PBXGroup section */
		30072C0619439F4B009088B5 /* Audio Files */ = {
			isa = PBXGroup;
			children = (
				30784D521943BC0E00244AA9 /* snapper.wav */,
				30784D501943BB9500244AA9 /* drum.wav */,
				30072C0D1943AC3A009088B5 /* Organ Run.m4a */,
				30072C0E1943AC3A009088B5 /* Southern Rock Drums.m4a */,
				30072C0F1943AC3A009088B5 /* Southern Rock Organ.m4a */,
				30072C0719439F4B009088B5 /* music.m4a */,
			);
			name = "Audio Files";
			path = "Wilson/Audio Files";
			sourceTree = "<group>";
		};
		3071612E1943913D00EB8FFF = {
			isa = PBXGroup;
			children = (
				307161401943913D00EB8FFF /* Wilson */,
				3071614C1943913D00EB8FFF /* Images.xcassets */,
				30072C0619439F4B009088B5 /* Audio Files */,
				307161411943913D00EB8FFF /* Supporting Files */,
				307161591943913E00EB8FFF /* WilsonTests */,
				307161391943913D00EB8FFF /* Frameworks */,
				307161381943913D00EB8FFF /* Products */,
				49B8B98CB1BD495F932760C4 /* Pods.xcconfig */,
			);
			sourceTree = "<group>";
		};
		307161381943913D00EB8FFF /* Products */ = {
			isa = PBXGroup;
			children = (
				307161371943913D00EB8FFF /* Wilson.app */,
				307161521943913D00EB8FFF /* WilsonTests.xctest */,
			);
			name = Products;
			sourceTree = "<group>";
		};
		307161391943913D00EB8FFF /* Frameworks */ = {
			isa = PBXGroup;
			children = (
				3071613A1943913D00EB8FFF /* Foundation.framework */,
				3071613C1943913D00EB8FFF /* CoreGraphics.framework */,
				3071613E1943913D00EB8FFF /* UIKit.framework */,
				307161531943913D00EB8FFF /* XCTest.framework */,
				27C078DAE0314A5E84B7FB0F /* libPods.a */,
			);
			name = Frameworks;
			sourceTree = "<group>";
		};
		307161401943913D00EB8FFF /* Wilson */ = {
			isa = PBXGroup;
			children = (
				307161491943913D00EB8FFF /* WILAppDelegate.h */,
				3071614A1943913D00EB8FFF /* WILAppDelegate.m */,
				CDA25A211943988F00E68E14 /* WILRecordingManager.h */,
				CDA25A221943988F00E68E14 /* WILRecordingManager.m */,
				CDA9CFE91943B1CA004C0340 /* Feed */,
				30072C0A1943AB1E009088B5 /* WILRecordViewController.h */,
				30072C0B1943AB1E009088B5 /* WILRecordViewController.m */,
				30784D541943CA5600244AA9 /* WILPlayViewController.h */,
				30784D551943CA5600244AA9 /* WILPlayViewController.m */,
				30784D4B1943B03400244AA9 /* WILPadView.h */,
				30784D4C1943B03400244AA9 /* WILPadView.m */,
				30072C131943AD3D009088B5 /* TPOscilloscopeLayer.h */,
				30072C141943AD3D009088B5 /* TPOscilloscopeLayer.m */,
				4F0310F01943B19E00807CFC /* WILAudioFilterPickerController.h */,
				4F0310F11943B19E00807CFC /* WILAudioFilterPickerController.m */,
				4F3CC5A81943DB160046FBBA /* WILAudioFilterPickerCell.h */,
				4F3CC5A91943DB160046FBBA /* WILAudioFilterPickerCell.m */,
			);
			path = Wilson;
			sourceTree = "<group>";
		};
		307161411943913D00EB8FFF /* Supporting Files */ = {
			isa = PBXGroup;
			children = (
				307161421943913D00EB8FFF /* Wilson-Info.plist */,
				307161431943913D00EB8FFF /* InfoPlist.strings */,
				307161461943913D00EB8FFF /* main.m */,
				307161481943913D00EB8FFF /* Wilson-Prefix.pch */,
			);
			name = "Supporting Files";
			path = Wilson;
			sourceTree = "<group>";
		};
		307161591943913E00EB8FFF /* WilsonTests */ = {
			isa = PBXGroup;
			children = (
				3071615F1943913E00EB8FFF /* WilsonTests.m */,
				3071615A1943913E00EB8FFF /* Supporting Files */,
			);
			path = WilsonTests;
			sourceTree = "<group>";
		};
		3071615A1943913E00EB8FFF /* Supporting Files */ = {
			isa = PBXGroup;
			children = (
				3071615B1943913E00EB8FFF /* WilsonTests-Info.plist */,
				3071615C1943913E00EB8FFF /* InfoPlist.strings */,
			);
			name = "Supporting Files";
			sourceTree = "<group>";
		};
		CDA9CFE91943B1CA004C0340 /* Feed */ = {
			isa = PBXGroup;
			children = (
				CDA9CFEA1943B1D3004C0340 /* Views */,
				CDA9CFE41943B170004C0340 /* WILFeedViewController.h */,
				CDA9CFE51943B170004C0340 /* WILFeedViewController.m */,
			);
			name = Feed;
			sourceTree = "<group>";
		};
		CDA9CFEA1943B1D3004C0340 /* Views */ = {
			isa = PBXGroup;
			children = (
				CDA9CFEE1943B2A7004C0340 /* WILCell.xib */,
				CDA9CFEB1943B27E004C0340 /* WILCell.h */,
				CDA9CFEC1943B27E004C0340 /* WILCell.m */,
				CDA9CFF01943B2D1004C0340 /* WILFeedHeader.h */,
				CDA9CFF11943B2D1004C0340 /* WILFeedHeader.m */,
				CDA9CFF21943B2D1004C0340 /* WILFeedHeader.xib */,
			);
			name = Views;
			sourceTree = "<group>";
		};
/* End PBXGroup section */

/* Begin PBXNativeTarget section */
		307161361943913D00EB8FFF /* Wilson */ = {
			isa = PBXNativeTarget;
			buildConfigurationList = 307161631943913E00EB8FFF /* Build configuration list for PBXNativeTarget "Wilson" */;
			buildPhases = (
				985F18B2432C4302B267DFDB /* Check Pods Manifest.lock */,
				307161331943913D00EB8FFF /* Sources */,
				307161341943913D00EB8FFF /* Frameworks */,
				307161351943913D00EB8FFF /* Resources */,
				45BB8D4C66EE47BB864EC0BC /* Copy Pods Resources */,
			);
			buildRules = (
			);
			dependencies = (
			);
			name = Wilson;
			productName = Wilson;
			productReference = 307161371943913D00EB8FFF /* Wilson.app */;
			productType = "com.apple.product-type.application";
		};
		307161511943913D00EB8FFF /* WilsonTests */ = {
			isa = PBXNativeTarget;
			buildConfigurationList = 307161661943913E00EB8FFF /* Build configuration list for PBXNativeTarget "WilsonTests" */;
			buildPhases = (
				3071614E1943913D00EB8FFF /* Sources */,
				3071614F1943913D00EB8FFF /* Frameworks */,
				307161501943913D00EB8FFF /* Resources */,
			);
			buildRules = (
			);
			dependencies = (
				307161581943913E00EB8FFF /* PBXTargetDependency */,
			);
			name = WilsonTests;
			productName = WilsonTests;
			productReference = 307161521943913D00EB8FFF /* WilsonTests.xctest */;
			productType = "com.apple.product-type.bundle.unit-test";
		};
/* End PBXNativeTarget section */

/* Begin PBXProject section */
		3071612F1943913D00EB8FFF /* Project object */ = {
			isa = PBXProject;
			attributes = {
				CLASSPREFIX = WIL;
				LastUpgradeCheck = 0510;
				ORGANIZATIONNAME = "Team Wilson";
				TargetAttributes = {
					307161511943913D00EB8FFF = {
						TestTargetID = 307161361943913D00EB8FFF;
					};
				};
			};
			buildConfigurationList = 307161321943913D00EB8FFF /* Build configuration list for PBXProject "Wilson" */;
			compatibilityVersion = "Xcode 3.2";
			developmentRegion = English;
			hasScannedForEncodings = 0;
			knownRegions = (
				en,
			);
			mainGroup = 3071612E1943913D00EB8FFF;
			productRefGroup = 307161381943913D00EB8FFF /* Products */;
			projectDirPath = "";
			projectRoot = "";
			targets = (
				307161361943913D00EB8FFF /* Wilson */,
				307161511943913D00EB8FFF /* WilsonTests */,
			);
		};
/* End PBXProject section */

/* Begin PBXResourcesBuildPhase section */
		307161351943913D00EB8FFF /* Resources */ = {
			isa = PBXResourcesBuildPhase;
			buildActionMask = 2147483647;
			files = (
				30784D531943BC0E00244AA9 /* snapper.wav in Resources */,
				307161451943913D00EB8FFF /* InfoPlist.strings in Resources */,
				30784D511943BB9500244AA9 /* drum.wav in Resources */,
				30072C101943AC3A009088B5 /* Organ Run.m4a in Resources */,
				30072C111943AC3A009088B5 /* Southern Rock Drums.m4a in Resources */,
				30072C0819439F4B009088B5 /* music.m4a in Resources */,
				3071614D1943913D00EB8FFF /* Images.xcassets in Resources */,
				CDA9CFF41943B2D1004C0340 /* WILFeedHeader.xib in Resources */,
				CDA9CFEF1943B2A7004C0340 /* WILCell.xib in Resources */,
				30072C121943AC3A009088B5 /* Southern Rock Organ.m4a in Resources */,
			);
			runOnlyForDeploymentPostprocessing = 0;
		};
		307161501943913D00EB8FFF /* Resources */ = {
			isa = PBXResourcesBuildPhase;
			buildActionMask = 2147483647;
			files = (
				3071615E1943913E00EB8FFF /* InfoPlist.strings in Resources */,
			);
			runOnlyForDeploymentPostprocessing = 0;
		};
/* End PBXResourcesBuildPhase section */

/* Begin PBXShellScriptBuildPhase section */
		45BB8D4C66EE47BB864EC0BC /* Copy Pods Resources */ = {
			isa = PBXShellScriptBuildPhase;
			buildActionMask = 2147483647;
			files = (
			);
			inputPaths = (
			);
			name = "Copy Pods Resources";
			outputPaths = (
			);
			runOnlyForDeploymentPostprocessing = 0;
			shellPath = /bin/sh;
			shellScript = "\"${SRCROOT}/Pods/Pods-resources.sh\"\n";
			showEnvVarsInLog = 0;
		};
		985F18B2432C4302B267DFDB /* Check Pods Manifest.lock */ = {
			isa = PBXShellScriptBuildPhase;
			buildActionMask = 2147483647;
			files = (
			);
			inputPaths = (
			);
			name = "Check Pods Manifest.lock";
			outputPaths = (
			);
			runOnlyForDeploymentPostprocessing = 0;
			shellPath = /bin/sh;
			shellScript = "diff \"${PODS_ROOT}/../Podfile.lock\" \"${PODS_ROOT}/Manifest.lock\" > /dev/null\nif [[ $? != 0 ]] ; then\n    cat << EOM\nerror: The sandbox is not in sync with the Podfile.lock. Run 'pod install' or update your CocoaPods installation.\nEOM\n    exit 1\nfi\n";
			showEnvVarsInLog = 0;
		};
/* End PBXShellScriptBuildPhase section */

/* Begin PBXSourcesBuildPhase section */
		307161331943913D00EB8FFF /* Sources */ = {
			isa = PBXSourcesBuildPhase;
			buildActionMask = 2147483647;
			files = (
				CDA9CFF31943B2D1004C0340 /* WILFeedHeader.m in Sources */,
				4F3CC5AA1943DB160046FBBA /* WILAudioFilterPickerCell.m in Sources */,
				CDA9CFE71943B170004C0340 /* WILFeedViewController.m in Sources */,
				CDA9CFED1943B27E004C0340 /* WILCell.m in Sources */,
				30784D4D1943B03400244AA9 /* WILPadView.m in Sources */,
				30072C151943AD3D009088B5 /* TPOscilloscopeLayer.m in Sources */,
				30784D4E1943B47400244AA9 /* WILAudioFilterPickerController.m in Sources */,
				30784D561943CA5600244AA9 /* WILPlayViewController.m in Sources */,
				CDA25A231943988F00E68E14 /* WILRecordingManager.m in Sources */,
				307161471943913D00EB8FFF /* main.m in Sources */,
				30072C0C1943AB1E009088B5 /* WILRecordViewController.m in Sources */,
				3071614B1943913D00EB8FFF /* WILAppDelegate.m in Sources */,
			);
			runOnlyForDeploymentPostprocessing = 0;
		};
		3071614E1943913D00EB8FFF /* Sources */ = {
			isa = PBXSourcesBuildPhase;
			buildActionMask = 2147483647;
			files = (
				307161601943913E00EB8FFF /* WilsonTests.m in Sources */,
			);
			runOnlyForDeploymentPostprocessing = 0;
		};
/* End PBXSourcesBuildPhase section */

/* Begin PBXTargetDependency section */
		307161581943913E00EB8FFF /* PBXTargetDependency */ = {
			isa = PBXTargetDependency;
			target = 307161361943913D00EB8FFF /* Wilson */;
			targetProxy = 307161571943913E00EB8FFF /* PBXContainerItemProxy */;
		};
/* End PBXTargetDependency section */

/* Begin PBXVariantGroup section */
		307161431943913D00EB8FFF /* InfoPlist.strings */ = {
			isa = PBXVariantGroup;
			children = (
				307161441943913D00EB8FFF /* en */,
			);
			name = InfoPlist.strings;
			sourceTree = "<group>";
		};
		3071615C1943913E00EB8FFF /* InfoPlist.strings */ = {
			isa = PBXVariantGroup;
			children = (
				3071615D1943913E00EB8FFF /* en */,
			);
			name = InfoPlist.strings;
			sourceTree = "<group>";
		};
/* End PBXVariantGroup section */

/* Begin XCBuildConfiguration section */
		307161611943913E00EB8FFF /* Debug */ = {
			isa = XCBuildConfiguration;
			buildSettings = {
				ALWAYS_SEARCH_USER_PATHS = NO;
				CLANG_CXX_LANGUAGE_STANDARD = "gnu++0x";
				CLANG_CXX_LIBRARY = "libc++";
				CLANG_ENABLE_MODULES = YES;
				CLANG_ENABLE_OBJC_ARC = YES;
				CLANG_WARN_BOOL_CONVERSION = YES;
				CLANG_WARN_CONSTANT_CONVERSION = YES;
				CLANG_WARN_DIRECT_OBJC_ISA_USAGE = YES_ERROR;
				CLANG_WARN_EMPTY_BODY = YES;
				CLANG_WARN_ENUM_CONVERSION = YES;
				CLANG_WARN_INT_CONVERSION = YES;
				CLANG_WARN_OBJC_ROOT_CLASS = YES_ERROR;
				CLANG_WARN__DUPLICATE_METHOD_MATCH = YES;
				"CODE_SIGN_IDENTITY[sdk=iphoneos*]" = "iPhone Developer";
				COPY_PHASE_STRIP = NO;
				GCC_C_LANGUAGE_STANDARD = gnu99;
				GCC_DYNAMIC_NO_PIC = NO;
				GCC_OPTIMIZATION_LEVEL = 0;
				GCC_PREPROCESSOR_DEFINITIONS = (
					"DEBUG=1",
					"$(inherited)",
				);
				GCC_SYMBOLS_PRIVATE_EXTERN = NO;
				GCC_WARN_64_TO_32_BIT_CONVERSION = YES;
				GCC_WARN_ABOUT_RETURN_TYPE = YES_ERROR;
				GCC_WARN_UNDECLARED_SELECTOR = YES;
				GCC_WARN_UNINITIALIZED_AUTOS = YES_AGGRESSIVE;
				GCC_WARN_UNUSED_FUNCTION = YES;
				GCC_WARN_UNUSED_VARIABLE = YES;
				IPHONEOS_DEPLOYMENT_TARGET = 7.1;
				ONLY_ACTIVE_ARCH = YES;
				SDKROOT = iphoneos;
			};
			name = Debug;
		};
		307161621943913E00EB8FFF /* Release */ = {
			isa = XCBuildConfiguration;
			buildSettings = {
				ALWAYS_SEARCH_USER_PATHS = NO;
				CLANG_CXX_LANGUAGE_STANDARD = "gnu++0x";
				CLANG_CXX_LIBRARY = "libc++";
				CLANG_ENABLE_MODULES = YES;
				CLANG_ENABLE_OBJC_ARC = YES;
				CLANG_WARN_BOOL_CONVERSION = YES;
				CLANG_WARN_CONSTANT_CONVERSION = YES;
				CLANG_WARN_DIRECT_OBJC_ISA_USAGE = YES_ERROR;
				CLANG_WARN_EMPTY_BODY = YES;
				CLANG_WARN_ENUM_CONVERSION = YES;
				CLANG_WARN_INT_CONVERSION = YES;
				CLANG_WARN_OBJC_ROOT_CLASS = YES_ERROR;
				CLANG_WARN__DUPLICATE_METHOD_MATCH = YES;
				"CODE_SIGN_IDENTITY[sdk=iphoneos*]" = "iPhone Developer";
				COPY_PHASE_STRIP = YES;
				ENABLE_NS_ASSERTIONS = NO;
				GCC_C_LANGUAGE_STANDARD = gnu99;
				GCC_WARN_64_TO_32_BIT_CONVERSION = YES;
				GCC_WARN_ABOUT_RETURN_TYPE = YES_ERROR;
				GCC_WARN_UNDECLARED_SELECTOR = YES;
				GCC_WARN_UNINITIALIZED_AUTOS = YES_AGGRESSIVE;
				GCC_WARN_UNUSED_FUNCTION = YES;
				GCC_WARN_UNUSED_VARIABLE = YES;
				IPHONEOS_DEPLOYMENT_TARGET = 7.1;
				SDKROOT = iphoneos;
				VALIDATE_PRODUCT = YES;
			};
			name = Release;
		};
		307161641943913E00EB8FFF /* Debug */ = {
			isa = XCBuildConfiguration;
			baseConfigurationReference = 49B8B98CB1BD495F932760C4 /* Pods.xcconfig */;
			buildSettings = {
				ASSETCATALOG_COMPILER_APPICON_NAME = AppIcon;
				ASSETCATALOG_COMPILER_LAUNCHIMAGE_NAME = LaunchImage;
				GCC_PRECOMPILE_PREFIX_HEADER = YES;
				GCC_PREFIX_HEADER = "Wilson/Wilson-Prefix.pch";
				INFOPLIST_FILE = "Wilson/Wilson-Info.plist";
				PRODUCT_NAME = "$(TARGET_NAME)";
				WRAPPER_EXTENSION = app;
			};
			name = Debug;
		};
		307161651943913E00EB8FFF /* Release */ = {
			isa = XCBuildConfiguration;
			baseConfigurationReference = 49B8B98CB1BD495F932760C4 /* Pods.xcconfig */;
			buildSettings = {
				ASSETCATALOG_COMPILER_APPICON_NAME = AppIcon;
				ASSETCATALOG_COMPILER_LAUNCHIMAGE_NAME = LaunchImage;
				GCC_PRECOMPILE_PREFIX_HEADER = YES;
				GCC_PREFIX_HEADER = "Wilson/Wilson-Prefix.pch";
				INFOPLIST_FILE = "Wilson/Wilson-Info.plist";
				PRODUCT_NAME = "$(TARGET_NAME)";
				WRAPPER_EXTENSION = app;
			};
			name = Release;
		};
		307161671943913E00EB8FFF /* Debug */ = {
			isa = XCBuildConfiguration;
			buildSettings = {
				BUNDLE_LOADER = "$(BUILT_PRODUCTS_DIR)/Wilson.app/Wilson";
				FRAMEWORK_SEARCH_PATHS = (
					"$(SDKROOT)/Developer/Library/Frameworks",
					"$(inherited)",
					"$(DEVELOPER_FRAMEWORKS_DIR)",
				);
				GCC_PRECOMPILE_PREFIX_HEADER = YES;
				GCC_PREFIX_HEADER = "Wilson/Wilson-Prefix.pch";
				GCC_PREPROCESSOR_DEFINITIONS = (
					"DEBUG=1",
					"$(inherited)",
				);
				INFOPLIST_FILE = "WilsonTests/WilsonTests-Info.plist";
				PRODUCT_NAME = "$(TARGET_NAME)";
				TEST_HOST = "$(BUNDLE_LOADER)";
				WRAPPER_EXTENSION = xctest;
			};
			name = Debug;
		};
		307161681943913E00EB8FFF /* Release */ = {
			isa = XCBuildConfiguration;
			buildSettings = {
				BUNDLE_LOADER = "$(BUILT_PRODUCTS_DIR)/Wilson.app/Wilson";
				FRAMEWORK_SEARCH_PATHS = (
					"$(SDKROOT)/Developer/Library/Frameworks",
					"$(inherited)",
					"$(DEVELOPER_FRAMEWORKS_DIR)",
				);
				GCC_PRECOMPILE_PREFIX_HEADER = YES;
				GCC_PREFIX_HEADER = "Wilson/Wilson-Prefix.pch";
				INFOPLIST_FILE = "WilsonTests/WilsonTests-Info.plist";
				PRODUCT_NAME = "$(TARGET_NAME)";
				TEST_HOST = "$(BUNDLE_LOADER)";
				WRAPPER_EXTENSION = xctest;
			};
			name = Release;
		};
/* End XCBuildConfiguration section */

/* Begin XCConfigurationList section */
		307161321943913D00EB8FFF /* Build configuration list for PBXProject "Wilson" */ = {
			isa = XCConfigurationList;
			buildConfigurations = (
				307161611943913E00EB8FFF /* Debug */,
				307161621943913E00EB8FFF /* Release */,
			);
			defaultConfigurationIsVisible = 0;
			defaultConfigurationName = Release;
		};
		307161631943913E00EB8FFF /* Build configuration list for PBXNativeTarget "Wilson" */ = {
			isa = XCConfigurationList;
			buildConfigurations = (
				307161641943913E00EB8FFF /* Debug */,
				307161651943913E00EB8FFF /* Release */,
			);
			defaultConfigurationIsVisible = 0;
			defaultConfigurationName = Release;
		};
		307161661943913E00EB8FFF /* Build configuration list for PBXNativeTarget "WilsonTests" */ = {
			isa = XCConfigurationList;
			buildConfigurations = (
				307161671943913E00EB8FFF /* Debug */,
				307161681943913E00EB8FFF /* Release */,
			);
			defaultConfigurationIsVisible = 0;
			defaultConfigurationName = Release;
		};
/* End XCConfigurationList section */
	};
	rootObject = 3071612F1943913D00EB8FFF /* Project object */;
}
